
Microsoft Visual Studio Solution File, Format Version 12.00
# Visual Studio 15
VisualStudioVersion = 15.0.27703.2047
MinimumVisualStudioVersion = 10.0.40219.1
Project("{FAE04EC0-301F-11D3-BF4B-00C04F79EFBC}") = "billiard", "billiard\billiard.csproj", "{D258E086-90D5-46BA-B7EA-2AEB79E6A377}"
EndProject
Global
	GlobalSection(SolutionConfigurationPlatforms) = preSolution
		Debug|Any CPU = Debug|Any CPU
		Release|Any CPU = Release|Any CPU
	EndGlobalSection
	GlobalSection(ProjectConfigurationPlatforms) = postSolution
		{D258E086-90D5-46BA-B7EA-2AEB79E6A377}.Debug|Any CPU.ActiveCfg = Debug|Any CPU
		{D258E086-90D5-46BA-B7EA-2AEB79E6A377}.Debug|Any CPU.Build.0 = Debug|Any CPU
		{D258E086-90D5-46BA-B7EA-2AEB79E6A377}.Release|Any CPU.ActiveCfg = Release|Any CPU
		{D258E086-90D5-46BA-B7EA-2AEB79E6A377}.Release|Any CPU.Build.0 = Release|Any CPU
	EndGlobalSection
	GlobalSection(SolutionProperties) = preSolution
		HideSolutionNode = FALSE
	EndGlobalSection
	GlobalSection(ExtensibilityGlobals) = postSolution
		SolutionGuid = {C1E45AAB-79CA-433E-8DAD-CB3749B3BFA5}
	EndGlobalSection
EndGlobal
